
Microsoft Visual Studio Solution File, Format Version 12.00
# Visual Studio Version 17
VisualStudioVersion = 17.10.35013.160
MinimumVisualStudioVersion = 10.0.40219.1
Project("{FAE04EC0-301F-11D3-BF4B-00C04F79EFBC}") = "Practica SRP", "Practica SRP\Practica SRP.csproj", "{C752B775-969E-4279-BED6-4625DEAF458A}"
EndProject
Global
	GlobalSection(SolutionConfigurationPlatforms) = preSolution
		Debug|Any CPU = Debug|Any CPU
		Release|Any CPU = Release|Any CPU
	EndGlobalSection
	GlobalSection(ProjectConfigurationPlatforms) = postSolution
		{C752B775-969E-4279-BED6-4625DEAF458A}.Debug|Any CPU.ActiveCfg = Debug|Any CPU
		{C752B775-969E-4279-BED6-4625DEAF458A}.Debug|Any CPU.Build.0 = Debug|Any CPU
		{C752B775-969E-4279-BED6-4625DEAF458A}.Release|Any CPU.ActiveCfg = Release|Any CPU
		{C752B775-969E-4279-BED6-4625DEAF458A}.Release|Any CPU.Build.0 = Release|Any CPU
	EndGlobalSection
	GlobalSection(SolutionProperties) = preSolution
		HideSolutionNode = FALSE
	EndGlobalSection
	GlobalSection(ExtensibilityGlobals) = postSolution
		SolutionGuid = {AB3421A4-5F6E-46B2-92EE-132A86B43D91}
	EndGlobalSection
EndGlobal
